
Microsoft Visual Studio Solution File, Format Version 12.00
# Visual Studio Version 17
VisualStudioVersion = 17.5.33516.290
MinimumVisualStudioVersion = 10.0.40219.1
Project("{8BC9CEB8-8B4A-11D0-8D11-00A0C91BC942}") = "Direct12_Framework", "Direct12_Framework\Direct12_Framework.vcxproj", "{872A6CEF-4D83-40A5-B963-C7D69B531328}"
EndProject
Global
	GlobalSection(SolutionConfigurationPlatforms) = preSolution
		Debug|x64 = Debug|x64
		Debug|x86 = Debug|x86
		Release|x64 = Release|x64
		Release|x86 = Release|x86
	EndGlobalSection
	GlobalSection(ProjectConfigurationPlatforms) = postSolution
		{872A6CEF-4D83-40A5-B963-C7D69B531328}.Debug|x64.ActiveCfg = Debug|x64
		{872A6CEF-4D83-40A5-B963-C7D69B531328}.Debug|x64.Build.0 = Debug|x64
		{872A6CEF-4D83-40A5-B963-C7D69B531328}.Debug|x86.ActiveCfg = Debug|Win32
		{872A6CEF-4D83-40A5-B963-C7D69B531328}.Debug|x86.Build.0 = Debug|Win32
		{872A6CEF-4D83-40A5-B963-C7D69B531328}.Release|x64.ActiveCfg = Release|x64
		{872A6CEF-4D83-40A5-B963-C7D69B531328}.Release|x64.Build.0 = Release|x64
		{872A6CEF-4D83-40A5-B963-C7D69B531328}.Release|x86.ActiveCfg = Release|Win32
		{872A6CEF-4D83-40A5-B963-C7D69B531328}.Release|x86.Build.0 = Release|Win32
	EndGlobalSection
	GlobalSection(SolutionProperties) = preSolution
		HideSolutionNode = FALSE
	EndGlobalSection
	GlobalSection(ExtensibilityGlobals) = postSolution
		SolutionGuid = {3DF1436E-DEB4-4B11-9A6E-561A84D42E1E}
	EndGlobalSection
EndGlobal
