<?xml version="1.0" encoding="utf-8"?>
<Project ToolsVersion="4.0" xmlns="http://schemas.microsoft.com/developer/msbuild/2003">
  <ItemGroup>
    <Filter Include="소스 파일">
      <UniqueIdentifier>{4FC737F1-C7A5-4376-A066-2A32D752A2FF}</UniqueIdentifier>
      <Extensions>cpp;c;cc;cxx;c++;cppm;ixx;def;odl;idl;hpj;bat;asm;asmx</Extensions>
    </Filter>
    <Filter Include="헤더 파일">
      <UniqueIdentifier>{93995380-89BD-4b04-88EB-625FBE52EBFB}</UniqueIdentifier>
      <Extensions>h;hh;hpp;hxx;h++;hm;inl;inc;ipp;xsd</Extensions>
    </Filter>
    <Filter Include="리소스 파일">
      <UniqueIdentifier>{67DA6AB6-F800-4c08-8B7A-83BB121AAD01}</UniqueIdentifier>
      <Extensions>rc;ico;cur;bmp;dlg;rc2;rct;bin;rgs;gif;jpg;jpeg;jpe;resx;tiff;tif;png;wav;mfcribbon-ms</Extensions>
    </Filter>
    <Filter Include="Framework">
      <UniqueIdentifier>{ec9744e1-d8e0-458a-aaff-a0e79feeb240}</UniqueIdentifier>
    </Filter>
    <Filter Include="Framework\Timer">
      <UniqueIdentifier>{e0f4ec94-7602-42e4-9108-d883b98b5e5d}</UniqueIdentifier>
    </Filter>
    <Filter Include="Framework\GameFramework">
      <UniqueIdentifier>{9e1206ef-9fab-4be7-81aa-e8b3113acca8}</UniqueIdentifier>
    </Filter>
    <Filter Include="Framework\Scene">
      <UniqueIdentifier>{c9083ffe-f952-444d-aec0-45fcdc14c762}</UniqueIdentifier>
    </Filter>
    <Filter Include="DefaultScene">
      <UniqueIdentifier>{2782d5dc-0330-43a5-b889-6d2929213b9e}</UniqueIdentifier>
    </Filter>
    <Filter Include="Framework\InputMappingContext">
      <UniqueIdentifier>{1146c1f6-d105-49cd-a5a4-be3bde9410c0}</UniqueIdentifier>
    </Filter>
    <Filter Include="Framework\InputAction">
      <UniqueIdentifier>{6942663c-7d6b-45e8-94d8-65199227469a}</UniqueIdentifier>
    </Filter>
    <Filter Include="TestClass">
      <UniqueIdentifier>{26dc192e-2dcc-4790-9781-d8cdc2e6eb3a}</UniqueIdentifier>
    </Filter>
    <Filter Include="Framework\Mesh">
      <UniqueIdentifier>{f4f63290-e174-4c5c-a1f0-8679dc382585}</UniqueIdentifier>
    </Filter>
    <Filter Include="Framework\SubMesh">
      <UniqueIdentifier>{079f5f6c-36d3-4e32-95d0-998e17c7ef7c}</UniqueIdentifier>
    </Filter>
  </ItemGroup>
  <ItemGroup>
    <ClInclude Include="stdafx.h">
      <Filter>헤더 파일</Filter>
    </ClInclude>
    <ClInclude Include="targetver.h">
      <Filter>헤더 파일</Filter>
    </ClInclude>
    <ClInclude Include="Resource.h">
      <Filter>헤더 파일</Filter>
    </ClInclude>
    <ClInclude Include="Direct12_Framework.h">
      <Filter>헤더 파일</Filter>
    </ClInclude>
    <ClInclude Include="DDSTextureLoader12.h">
      <Filter>헤더 파일</Filter>
    </ClInclude>
    <ClInclude Include="WICTextureLoader12.h">
      <Filter>헤더 파일</Filter>
    </ClInclude>
    <ClInclude Include="GameFramework.h">
      <Filter>Framework\GameFramework</Filter>
    </ClInclude>
    <ClInclude Include="Timer.h">
      <Filter>Framework\Timer</Filter>
    </ClInclude>
    <ClInclude Include="Scene.h">
      <Filter>Framework\Scene</Filter>
    </ClInclude>
    <ClInclude Include="DefaultScene.h">
      <Filter>DefaultScene</Filter>
    </ClInclude>
    <ClInclude Include="Object.h">
      <Filter>헤더 파일</Filter>
    </ClInclude>
    <ClInclude Include="InputMappingContext.h">
      <Filter>Framework\InputMappingContext</Filter>
    </ClInclude>
    <ClInclude Include="InputAction.h">
      <Filter>Framework\InputAction</Filter>
    </ClInclude>
    <ClInclude Include="IMCTest.h">
      <Filter>TestClass</Filter>
    </ClInclude>
    <ClInclude Include="Mesh.h">
      <Filter>Framework\Mesh</Filter>
    </ClInclude>
    <ClInclude Include="SubMesh.h">
      <Filter>Framework\SubMesh</Filter>
    </ClInclude>
    <ClInclude Include="Shader.h">
      <Filter>헤더 파일</Filter>
    </ClInclude>
  </ItemGroup>
  <ItemGroup>
    <ClCompile Include="Direct12_Framework.cpp">
      <Filter>소스 파일</Filter>
    </ClCompile>
    <ClCompile Include="stdafx.cpp">
      <Filter>소스 파일</Filter>
    </ClCompile>
    <ClCompile Include="DDSTextureLoader12.cpp">
      <Filter>소스 파일</Filter>
    </ClCompile>
    <ClCompile Include="WICTextureLoader12.cpp">
      <Filter>소스 파일</Filter>
    </ClCompile>
    <ClCompile Include="GameFramework.cpp">
      <Filter>Framework\GameFramework</Filter>
    </ClCompile>
    <ClCompile Include="Timer.cpp">
      <Filter>Framework\Timer</Filter>
    </ClCompile>
    <ClCompile Include="Scene.cpp">
      <Filter>Framework\Scene</Filter>
    </ClCompile>
    <ClCompile Include="DefaultScene.cpp">
      <Filter>DefaultScene</Filter>
    </ClCompile>
    <ClCompile Include="Object.cpp">
      <Filter>소스 파일</Filter>
    </ClCompile>
    <ClCompile Include="InputMappingContext.cpp">
      <Filter>Framework\InputMappingContext</Filter>
    </ClCompile>
    <ClCompile Include="InputAction.cpp">
      <Filter>Framework\InputAction</Filter>
    </ClCompile>
    <ClCompile Include="IMCTest.cpp">
      <Filter>TestClass</Filter>
    </ClCompile>
    <ClCompile Include="Mesh.cpp">
      <Filter>Framework\Mesh</Filter>
    </ClCompile>
    <ClCompile Include="SubMesh.cpp">
      <Filter>Framework\SubMesh</Filter>
    </ClCompile>
    <ClCompile Include="Shader.cpp">
      <Filter>소스 파일</Filter>
    </ClCompile>
  </ItemGroup>
  <ItemGroup>
    <ResourceCompile Include="Direct12_Framework.rc">
      <Filter>리소스 파일</Filter>
    </ResourceCompile>
  </ItemGroup>
  <ItemGroup>
    <Image Include="small.ico">
      <Filter>리소스 파일</Filter>
    </Image>
    <Image Include="Direct12_Framework.ico">
      <Filter>리소스 파일</Filter>
    </Image>
  </ItemGroup>
  <ItemGroup>
    <FxCompile Include="StaticMeshShader.hlsl" />
  </ItemGroup>
</Project>